
Microsoft Visual Studio Solution File, Format Version 12.00
# Visual Studio Version 17
VisualStudioVersion = 17.4.33213.308
MinimumVisualStudioVersion = 10.0.40219.1
Project("{8BC9CEB8-8B4A-11D0-8D11-00A0C91BC942}") = "Lawn", "Lawn\Lawn.vcxproj", "{4A7F2B40-403E-49E6-8496-A8E0FA1711D4}"
	ProjectSection(ProjectDependencies) = postProject
		{DA08CABA-92AC-40F0-B63D-6ACE7814D600} = {DA08CABA-92AC-40F0-B63D-6ACE7814D600}
	EndProjectSection
EndProject
Project("{8BC9CEB8-8B4A-11D0-8D11-00A0C91BC942}") = "SexyAppBase", "..\osframework\source\SexyAppFramework\SexyAppBase VS2005.vcxproj", "{DA08CABA-92AC-40F0-B63D-6ACE7814D600}"
EndProject
Global
	GlobalSection(SolutionConfigurationPlatforms) = preSolution
		Debug - Incremental|x64 = Debug - Incremental|x64
		Debug - Incremental|x86 = Debug - Incremental|x86
		Debug - Zylom|x64 = Debug - Zylom|x64
		Debug - Zylom|x86 = Debug - Zylom|x86
		Debug|x64 = Debug|x64
		Debug|x86 = Debug|x86
		Release - Zylom|x64 = Release - Zylom|x64
		Release - Zylom|x86 = Release - Zylom|x86
		Release noop|x64 = Release noop|x64
		Release noop|x86 = Release noop|x86
		Release|x64 = Release|x64
		Release|x86 = Release|x86
	EndGlobalSection
	GlobalSection(ProjectConfigurationPlatforms) = postSolution
		{4A7F2B40-403E-49E6-8496-A8E0FA1711D4}.Debug - Incremental|x64.ActiveCfg = Debug|x64
		{4A7F2B40-403E-49E6-8496-A8E0FA1711D4}.Debug - Incremental|x64.Build.0 = Debug|x64
		{4A7F2B40-403E-49E6-8496-A8E0FA1711D4}.Debug - Incremental|x86.ActiveCfg = Debug|Win32
		{4A7F2B40-403E-49E6-8496-A8E0FA1711D4}.Debug - Incremental|x86.Build.0 = Debug|Win32
		{4A7F2B40-403E-49E6-8496-A8E0FA1711D4}.Debug - Zylom|x64.ActiveCfg = Debug|x64
		{4A7F2B40-403E-49E6-8496-A8E0FA1711D4}.Debug - Zylom|x64.Build.0 = Debug|x64
		{4A7F2B40-403E-49E6-8496-A8E0FA1711D4}.Debug - Zylom|x86.ActiveCfg = Debug|Win32
		{4A7F2B40-403E-49E6-8496-A8E0FA1711D4}.Debug - Zylom|x86.Build.0 = Debug|Win32
		{4A7F2B40-403E-49E6-8496-A8E0FA1711D4}.Debug|x64.ActiveCfg = Debug|x64
		{4A7F2B40-403E-49E6-8496-A8E0FA1711D4}.Debug|x64.Build.0 = Debug|x64
		{4A7F2B40-403E-49E6-8496-A8E0FA1711D4}.Debug|x86.ActiveCfg = Debug|Win32
		{4A7F2B40-403E-49E6-8496-A8E0FA1711D4}.Debug|x86.Build.0 = Debug|Win32
		{4A7F2B40-403E-49E6-8496-A8E0FA1711D4}.Release - Zylom|x64.ActiveCfg = Release|x64
		{4A7F2B40-403E-49E6-8496-A8E0FA1711D4}.Release - Zylom|x64.Build.0 = Release|x64
		{4A7F2B40-403E-49E6-8496-A8E0FA1711D4}.Release - Zylom|x86.ActiveCfg = Release|Win32
		{4A7F2B40-403E-49E6-8496-A8E0FA1711D4}.Release - Zylom|x86.Build.0 = Release|Win32
		{4A7F2B40-403E-49E6-8496-A8E0FA1711D4}.Release noop|x64.ActiveCfg = Release|x64
		{4A7F2B40-403E-49E6-8496-A8E0FA1711D4}.Release noop|x64.Build.0 = Release|x64
		{4A7F2B40-403E-49E6-8496-A8E0FA1711D4}.Release noop|x86.ActiveCfg = Release|Win32
		{4A7F2B40-403E-49E6-8496-A8E0FA1711D4}.Release noop|x86.Build.0 = Release|Win32
		{4A7F2B40-403E-49E6-8496-A8E0FA1711D4}.Release|x64.ActiveCfg = Release|x64
		{4A7F2B40-403E-49E6-8496-A8E0FA1711D4}.Release|x64.Build.0 = Release|x64
		{4A7F2B40-403E-49E6-8496-A8E0FA1711D4}.Release|x86.ActiveCfg = Release|Win32
		{4A7F2B40-403E-49E6-8496-A8E0FA1711D4}.Release|x86.Build.0 = Release|Win32
		{DA08CABA-92AC-40F0-B63D-6ACE7814D600}.Debug - Incremental|x64.ActiveCfg = Debug - Incremental|Win32
		{DA08CABA-92AC-40F0-B63D-6ACE7814D600}.Debug - Incremental|x64.Build.0 = Debug - Incremental|Win32
		{DA08CABA-92AC-40F0-B63D-6ACE7814D600}.Debug - Incremental|x86.ActiveCfg = Debug - Incremental|Win32
		{DA08CABA-92AC-40F0-B63D-6ACE7814D600}.Debug - Incremental|x86.Build.0 = Debug - Incremental|Win32
		{DA08CABA-92AC-40F0-B63D-6ACE7814D600}.Debug - Zylom|x64.ActiveCfg = Debug - Zylom|Win32
		{DA08CABA-92AC-40F0-B63D-6ACE7814D600}.Debug - Zylom|x64.Build.0 = Debug - Zylom|Win32
		{DA08CABA-92AC-40F0-B63D-6ACE7814D600}.Debug - Zylom|x86.ActiveCfg = Debug - Zylom|Win32
		{DA08CABA-92AC-40F0-B63D-6ACE7814D600}.Debug - Zylom|x86.Build.0 = Debug - Zylom|Win32
		{DA08CABA-92AC-40F0-B63D-6ACE7814D600}.Debug|x64.ActiveCfg = Debug|Win32
		{DA08CABA-92AC-40F0-B63D-6ACE7814D600}.Debug|x64.Build.0 = Debug|Win32
		{DA08CABA-92AC-40F0-B63D-6ACE7814D600}.Debug|x86.ActiveCfg = Debug|Win32
		{DA08CABA-92AC-40F0-B63D-6ACE7814D600}.Debug|x86.Build.0 = Debug|Win32
		{DA08CABA-92AC-40F0-B63D-6ACE7814D600}.Release - Zylom|x64.ActiveCfg = Release - Zylom|Win32
		{DA08CABA-92AC-40F0-B63D-6ACE7814D600}.Release - Zylom|x64.Build.0 = Release - Zylom|Win32
		{DA08CABA-92AC-40F0-B63D-6ACE7814D600}.Release - Zylom|x86.ActiveCfg = Release - Zylom|Win32
		{DA08CABA-92AC-40F0-B63D-6ACE7814D600}.Release - Zylom|x86.Build.0 = Release - Zylom|Win32
		{DA08CABA-92AC-40F0-B63D-6ACE7814D600}.Release noop|x64.ActiveCfg = Release noop|Win32
		{DA08CABA-92AC-40F0-B63D-6ACE7814D600}.Release noop|x64.Build.0 = Release noop|Win32
		{DA08CABA-92AC-40F0-B63D-6ACE7814D600}.Release noop|x86.ActiveCfg = Release noop|Win32
		{DA08CABA-92AC-40F0-B63D-6ACE7814D600}.Release noop|x86.Build.0 = Release noop|Win32
		{DA08CABA-92AC-40F0-B63D-6ACE7814D600}.Release|x64.ActiveCfg = Release|Win32
		{DA08CABA-92AC-40F0-B63D-6ACE7814D600}.Release|x64.Build.0 = Release|Win32
		{DA08CABA-92AC-40F0-B63D-6ACE7814D600}.Release|x86.ActiveCfg = Release|Win32
		{DA08CABA-92AC-40F0-B63D-6ACE7814D600}.Release|x86.Build.0 = Release|Win32
	EndGlobalSection
	GlobalSection(SolutionProperties) = preSolution
		HideSolutionNode = FALSE
	EndGlobalSection
	GlobalSection(ExtensibilityGlobals) = postSolution
		SolutionGuid = {5FCEC5BF-CD99-47DB-AC25-DF42752267AF}
	EndGlobalSection
EndGlobal
